
Microsoft Visual Studio Solution File, Format Version 12.00
# Visual Studio Version 16
VisualStudioVersion = 16.0.30002.166
MinimumVisualStudioVersion = 10.0.40219.1
Project("{FAE04EC0-301F-11D3-BF4B-00C04F79EFBC}") = "Taste", "Taste\Taste.csproj", "{8F78D64B-CBF0-4A59-B49C-7503C183710A}"
EndProject
Project("{FAE04EC0-301F-11D3-BF4B-00C04F79EFBC}") = "Taste.DataAccess", "Taste.DataAccess\Taste.DataAccess.csproj", "{A7060B8B-852D-49F5-8C46-F30A803AA483}"
EndProject
Project("{FAE04EC0-301F-11D3-BF4B-00C04F79EFBC}") = "Taste.Models", "Taste.Models\Taste.Models.csproj", "{C73183A6-FE82-41CC-9EF7-CCCE0A1AADE1}"
EndProject
Project("{FAE04EC0-301F-11D3-BF4B-00C04F79EFBC}") = "Taste.Utility", "Taste.Utility\Taste.Utility.csproj", "{E80B93B6-CE5F-4BFC-AACE-6D35E249CBB3}"
EndProject
Global
	GlobalSection(SolutionConfigurationPlatforms) = preSolution
		Debug|Any CPU = Debug|Any CPU
		Release|Any CPU = Release|Any CPU
	EndGlobalSection
	GlobalSection(ProjectConfigurationPlatforms) = postSolution
		{8F78D64B-CBF0-4A59-B49C-7503C183710A}.Debug|Any CPU.ActiveCfg = Debug|Any CPU
		{8F78D64B-CBF0-4A59-B49C-7503C183710A}.Debug|Any CPU.Build.0 = Debug|Any CPU
		{8F78D64B-CBF0-4A59-B49C-7503C183710A}.Release|Any CPU.ActiveCfg = Release|Any CPU
		{8F78D64B-CBF0-4A59-B49C-7503C183710A}.Release|Any CPU.Build.0 = Release|Any CPU
		{A7060B8B-852D-49F5-8C46-F30A803AA483}.Debug|Any CPU.ActiveCfg = Debug|Any CPU
		{A7060B8B-852D-49F5-8C46-F30A803AA483}.Debug|Any CPU.Build.0 = Debug|Any CPU
		{A7060B8B-852D-49F5-8C46-F30A803AA483}.Release|Any CPU.ActiveCfg = Release|Any CPU
		{A7060B8B-852D-49F5-8C46-F30A803AA483}.Release|Any CPU.Build.0 = Release|Any CPU
		{C73183A6-FE82-41CC-9EF7-CCCE0A1AADE1}.Debug|Any CPU.ActiveCfg = Debug|Any CPU
		{C73183A6-FE82-41CC-9EF7-CCCE0A1AADE1}.Debug|Any CPU.Build.0 = Debug|Any CPU
		{C73183A6-FE82-41CC-9EF7-CCCE0A1AADE1}.Release|Any CPU.ActiveCfg = Release|Any CPU
		{C73183A6-FE82-41CC-9EF7-CCCE0A1AADE1}.Release|Any CPU.Build.0 = Release|Any CPU
		{E80B93B6-CE5F-4BFC-AACE-6D35E249CBB3}.Debug|Any CPU.ActiveCfg = Debug|Any CPU
		{E80B93B6-CE5F-4BFC-AACE-6D35E249CBB3}.Debug|Any CPU.Build.0 = Debug|Any CPU
		{E80B93B6-CE5F-4BFC-AACE-6D35E249CBB3}.Release|Any CPU.ActiveCfg = Release|Any CPU
		{E80B93B6-CE5F-4BFC-AACE-6D35E249CBB3}.Release|Any CPU.Build.0 = Release|Any CPU
	EndGlobalSection
	GlobalSection(SolutionProperties) = preSolution
		HideSolutionNode = FALSE
	EndGlobalSection
	GlobalSection(ExtensibilityGlobals) = postSolution
		SolutionGuid = {C7D2F9AA-5C16-4D91-8792-E2C63A798A01}
	EndGlobalSection
EndGlobal
